
Microsoft Visual Studio Solution File, Format Version 12.00
# Visual Studio 15
VisualStudioVersion = 15.0.26430.16
MinimumVisualStudioVersion = 10.0.40219.1
Project("{FAE04EC0-301F-11D3-BF4B-00C04F79EFBC}") = "InvenTID_App", "InvenTID_App\InvenTID_App.csproj", "{3E39E0D7-6F5F-495C-BEDA-49F4E395023C}"
EndProject
Project("{FAE04EC0-301F-11D3-BF4B-00C04F79EFBC}") = "InvenTID_Cmd", "InvenTID_Cmd\InvenTID_Cmd.csproj", "{611AD992-5C05-4F67-8AF8-49E90C5B4098}"
EndProject
Global
	GlobalSection(SolutionConfigurationPlatforms) = preSolution
		Debug|Any CPU = Debug|Any CPU
		Release|Any CPU = Release|Any CPU
	EndGlobalSection
	GlobalSection(ProjectConfigurationPlatforms) = postSolution
		{3E39E0D7-6F5F-495C-BEDA-49F4E395023C}.Debug|Any CPU.ActiveCfg = Debug|Any CPU
		{3E39E0D7-6F5F-495C-BEDA-49F4E395023C}.Debug|Any CPU.Build.0 = Debug|Any CPU
		{3E39E0D7-6F5F-495C-BEDA-49F4E395023C}.Release|Any CPU.ActiveCfg = Release|Any CPU
		{3E39E0D7-6F5F-495C-BEDA-49F4E395023C}.Release|Any CPU.Build.0 = Release|Any CPU
		{611AD992-5C05-4F67-8AF8-49E90C5B4098}.Debug|Any CPU.ActiveCfg = Debug|Any CPU
		{611AD992-5C05-4F67-8AF8-49E90C5B4098}.Debug|Any CPU.Build.0 = Debug|Any CPU
		{611AD992-5C05-4F67-8AF8-49E90C5B4098}.Release|Any CPU.ActiveCfg = Release|Any CPU
		{611AD992-5C05-4F67-8AF8-49E90C5B4098}.Release|Any CPU.Build.0 = Release|Any CPU
	EndGlobalSection
	GlobalSection(SolutionProperties) = preSolution
		HideSolutionNode = FALSE
	EndGlobalSection
EndGlobal
